
Microsoft Visual Studio Solution File, Format Version 12.00
# Visual Studio Version 17
VisualStudioVersion = 17.8.34511.84
MinimumVisualStudioVersion = 10.0.40219.1
Project("{FAE04EC0-301F-11D3-BF4B-00C04F79EFBC}") = "ConsoleStaticCtor", "ConsoleStaticCtor.csproj", "{184C2715-E008-4C57-8910-56E66A09D77B}"
EndProject
Global
	GlobalSection(SolutionConfigurationPlatforms) = preSolution
		Debug|Any CPU = Debug|Any CPU
		Release|Any CPU = Release|Any CPU
	EndGlobalSection
	GlobalSection(ProjectConfigurationPlatforms) = postSolution
		{184C2715-E008-4C57-8910-56E66A09D77B}.Debug|Any CPU.ActiveCfg = Debug|Any CPU
		{184C2715-E008-4C57-8910-56E66A09D77B}.Debug|Any CPU.Build.0 = Debug|Any CPU
		{184C2715-E008-4C57-8910-56E66A09D77B}.Release|Any CPU.ActiveCfg = Release|Any CPU
		{184C2715-E008-4C57-8910-56E66A09D77B}.Release|Any CPU.Build.0 = Release|Any CPU
	EndGlobalSection
	GlobalSection(SolutionProperties) = preSolution
		HideSolutionNode = FALSE
	EndGlobalSection
	GlobalSection(ExtensibilityGlobals) = postSolution
		SolutionGuid = {D08A407E-297E-4FCC-88C9-1F8263D8E2DE}
	EndGlobalSection
EndGlobal
